// !$*UTF8*$!
{
	archiveVersion = 1;
	classes = {
	};
	objectVersion = 56;
	objects = {

/* Begin PBXBuildFile section */
		114CE2626A1ECF7C8BB3E210 /* (null) in Frameworks */ = {isa = PBXBuildFile; };
		26D487DDD8A095AFB584D6CA /* Pods_pance.framework in Frameworks */ = {isa = PBXBuildFile; fileRef = 829DDC87E55A2313F2A57F67 /* Pods_pance.framework */; };
		3DEDD194EFBF751F96F55BDE /* Pods_medical.framework in Frameworks */ = {isa = PBXBuildFile; fileRef = 87866C6EC3E9C8DA9027BA8E /* Pods_medical.framework */; };
		5B2180AE51C7539A9BE64B19 /* Pods_mcat.framework in Frameworks */ = {isa = PBXBuildFile; fileRef = 0F924D387D4DE778CA86BB35 /* Pods_mcat.framework */; };
		A981D0D32CBCD68200E2DCCD /* AppDelegate.swift in Sources */ = {isa = PBXBuildFile; fileRef = A981D0D22CBCD68200E2DCCD /* AppDelegate.swift */; };
		A981D0D52CBCD68200E2DCCD /* SceneDelegate.swift in Sources */ = {isa = PBXBuildFile; fileRef = A981D0D42CBCD68200E2DCCD /* SceneDelegate.swift */; };
		A981D0D72CBCD68200E2DCCD /* ViewController.swift in Sources */ = {isa = PBXBuildFile; fileRef = A981D0D62CBCD68200E2DCCD /* ViewController.swift */; };
		A981D0DA2CBCD68200E2DCCD /* Base in Resources */ = {isa = PBXBuildFile; fileRef = A981D0D92CBCD68200E2DCCD /* Base */; };
		A981D0DC2CBCD68500E2DCCD /* Assets.xcassets in Resources */ = {isa = PBXBuildFile; fileRef = A981D0DB2CBCD68500E2DCCD /* Assets.xcassets */; };
		A981D0DF2CBCD68500E2DCCD /* Base in Resources */ = {isa = PBXBuildFile; fileRef = A981D0DE2CBCD68500E2DCCD /* Base */; };
		A981D0E82CBCD6D000E2DCCD /* ViewController.swift in Sources */ = {isa = PBXBuildFile; fileRef = A981D0D62CBCD68200E2DCCD /* ViewController.swift */; };
		A981D0E92CBCD6D000E2DCCD /* AppDelegate.swift in Sources */ = {isa = PBXBuildFile; fileRef = A981D0D22CBCD68200E2DCCD /* AppDelegate.swift */; };
		A981D0EA2CBCD6D000E2DCCD /* SceneDelegate.swift in Sources */ = {isa = PBXBuildFile; fileRef = A981D0D42CBCD68200E2DCCD /* SceneDelegate.swift */; };
		A981D0ED2CBCD6D000E2DCCD /* Assets.xcassets in Resources */ = {isa = PBXBuildFile; fileRef = A981D0DB2CBCD68500E2DCCD /* Assets.xcassets */; };
		A981D0EE2CBCD6D000E2DCCD /* Base in Resources */ = {isa = PBXBuildFile; fileRef = A981D0DE2CBCD68500E2DCCD /* Base */; };
		A981D0EF2CBCD6D000E2DCCD /* Base in Resources */ = {isa = PBXBuildFile; fileRef = A981D0D92CBCD68200E2DCCD /* Base */; };
		A9E557B92CC66E3D00B34BDD /* ViewController.swift in Sources */ = {isa = PBXBuildFile; fileRef = A981D0D62CBCD68200E2DCCD /* ViewController.swift */; };
		A9E557BA2CC66E3D00B34BDD /* AppDelegate.swift in Sources */ = {isa = PBXBuildFile; fileRef = A981D0D22CBCD68200E2DCCD /* AppDelegate.swift */; };
		A9E557BB2CC66E3D00B34BDD /* SceneDelegate.swift in Sources */ = {isa = PBXBuildFile; fileRef = A981D0D42CBCD68200E2DCCD /* SceneDelegate.swift */; };
		A9E557BF2CC66E3D00B34BDD /* Assets.xcassets in Resources */ = {isa = PBXBuildFile; fileRef = A981D0DB2CBCD68500E2DCCD /* Assets.xcassets */; };
		A9E557C02CC66E3D00B34BDD /* Base in Resources */ = {isa = PBXBuildFile; fileRef = A981D0DE2CBCD68500E2DCCD /* Base */; };
		A9E557C12CC66E3D00B34BDD /* Base in Resources */ = {isa = PBXBuildFile; fileRef = A981D0D92CBCD68200E2DCCD /* Base */; };
		A9E557CA2CC66E8F00B34BDD /* ViewController.swift in Sources */ = {isa = PBXBuildFile; fileRef = A981D0D62CBCD68200E2DCCD /* ViewController.swift */; };
		A9E557CB2CC66E8F00B34BDD /* AppDelegate.swift in Sources */ = {isa = PBXBuildFile; fileRef = A981D0D22CBCD68200E2DCCD /* AppDelegate.swift */; };
		A9E557CC2CC66E8F00B34BDD /* SceneDelegate.swift in Sources */ = {isa = PBXBuildFile; fileRef = A981D0D42CBCD68200E2DCCD /* SceneDelegate.swift */; };
		A9E557D02CC66E8F00B34BDD /* Assets.xcassets in Resources */ = {isa = PBXBuildFile; fileRef = A981D0DB2CBCD68500E2DCCD /* Assets.xcassets */; };
		A9E557D12CC66E8F00B34BDD /* Base in Resources */ = {isa = PBXBuildFile; fileRef = A981D0DE2CBCD68500E2DCCD /* Base */; };
		A9E557D22CC66E8F00B34BDD /* Base in Resources */ = {isa = PBXBuildFile; fileRef = A981D0D92CBCD68200E2DCCD /* Base */; };
		A9E557DB2CC66EB900B34BDD /* ViewController.swift in Sources */ = {isa = PBXBuildFile; fileRef = A981D0D62CBCD68200E2DCCD /* ViewController.swift */; };
		A9E557DC2CC66EB900B34BDD /* AppDelegate.swift in Sources */ = {isa = PBXBuildFile; fileRef = A981D0D22CBCD68200E2DCCD /* AppDelegate.swift */; };
		A9E557DD2CC66EB900B34BDD /* SceneDelegate.swift in Sources */ = {isa = PBXBuildFile; fileRef = A981D0D42CBCD68200E2DCCD /* SceneDelegate.swift */; };
		A9E557E12CC66EB900B34BDD /* Assets.xcassets in Resources */ = {isa = PBXBuildFile; fileRef = A981D0DB2CBCD68500E2DCCD /* Assets.xcassets */; };
		A9E557E22CC66EB900B34BDD /* Base in Resources */ = {isa = PBXBuildFile; fileRef = A981D0DE2CBCD68500E2DCCD /* Base */; };
		A9E557E32CC66EB900B34BDD /* Base in Resources */ = {isa = PBXBuildFile; fileRef = A981D0D92CBCD68200E2DCCD /* Base */; };
		C86FF4555BEC4E7FD3627A57 /* Pods_nclex.framework in Frameworks */ = {isa = PBXBuildFile; fileRef = 5ECD668D9EF1990515B1648E /* Pods_nclex.framework */; };
		EDD2F6E27AFD891347DF807B /* Pods_ppi.framework in Frameworks */ = {isa = PBXBuildFile; fileRef = 0529187636CBB3689DF8F7E0 /* Pods_ppi.framework */; };
/* End PBXBuildFile section */

/* Begin PBXFileReference section */
		0529187636CBB3689DF8F7E0 /* Pods_ppi.framework */ = {isa = PBXFileReference; explicitFileType = wrapper.framework; includeInIndex = 0; path = Pods_ppi.framework; sourceTree = BUILT_PRODUCTS_DIR; };
		0F924D387D4DE778CA86BB35 /* Pods_mcat.framework */ = {isa = PBXFileReference; explicitFileType = wrapper.framework; includeInIndex = 0; path = Pods_mcat.framework; sourceTree = BUILT_PRODUCTS_DIR; };
		153C87B5194D1A9B80211853 /* Pods-pance.debug.xcconfig */ = {isa = PBXFileReference; includeInIndex = 1; lastKnownFileType = text.xcconfig; name = "Pods-pance.debug.xcconfig"; path = "Target Support Files/Pods-pance/Pods-pance.debug.xcconfig"; sourceTree = "<group>"; };
		1596D15BB0D766F4561DC4C2 /* Pods-medical.release.xcconfig */ = {isa = PBXFileReference; includeInIndex = 1; lastKnownFileType = text.xcconfig; name = "Pods-medical.release.xcconfig"; path = "Target Support Files/Pods-medical/Pods-medical.release.xcconfig"; sourceTree = "<group>"; };
		164F7546325A7F329F681490 /* Pods-medical.debug.xcconfig */ = {isa = PBXFileReference; includeInIndex = 1; lastKnownFileType = text.xcconfig; name = "Pods-medical.debug.xcconfig"; path = "Target Support Files/Pods-medical/Pods-medical.debug.xcconfig"; sourceTree = "<group>"; };
		1BD509EAE3DC957A6C5F969F /* Pods-ppi.release.xcconfig */ = {isa = PBXFileReference; includeInIndex = 1; lastKnownFileType = text.xcconfig; name = "Pods-ppi.release.xcconfig"; path = "Target Support Files/Pods-ppi/Pods-ppi.release.xcconfig"; sourceTree = "<group>"; };
		288B08C2A93BD4E456BD5901 /* Pods-ppi.debug.xcconfig */ = {isa = PBXFileReference; includeInIndex = 1; lastKnownFileType = text.xcconfig; name = "Pods-ppi.debug.xcconfig"; path = "Target Support Files/Pods-ppi/Pods-ppi.debug.xcconfig"; sourceTree = "<group>"; };
		464E32DBCE7F1E7D3B452F26 /* Pods-mcat.debug.xcconfig */ = {isa = PBXFileReference; includeInIndex = 1; lastKnownFileType = text.xcconfig; name = "Pods-mcat.debug.xcconfig"; path = "Target Support Files/Pods-mcat/Pods-mcat.debug.xcconfig"; sourceTree = "<group>"; };
		5ECD668D9EF1990515B1648E /* Pods_nclex.framework */ = {isa = PBXFileReference; explicitFileType = wrapper.framework; includeInIndex = 0; path = Pods_nclex.framework; sourceTree = BUILT_PRODUCTS_DIR; };
		737561CE1BE9AA7F3A26006F /* Pods-pance.release.xcconfig */ = {isa = PBXFileReference; includeInIndex = 1; lastKnownFileType = text.xcconfig; name = "Pods-pance.release.xcconfig"; path = "Target Support Files/Pods-pance/Pods-pance.release.xcconfig"; sourceTree = "<group>"; };
		829DDC87E55A2313F2A57F67 /* Pods_pance.framework */ = {isa = PBXFileReference; explicitFileType = wrapper.framework; includeInIndex = 0; path = Pods_pance.framework; sourceTree = BUILT_PRODUCTS_DIR; };
		86BFCF47606EA4EA5D5E782F /* Pods-mcat.release.xcconfig */ = {isa = PBXFileReference; includeInIndex = 1; lastKnownFileType = text.xcconfig; name = "Pods-mcat.release.xcconfig"; path = "Target Support Files/Pods-mcat/Pods-mcat.release.xcconfig"; sourceTree = "<group>"; };
		87866C6EC3E9C8DA9027BA8E /* Pods_medical.framework */ = {isa = PBXFileReference; explicitFileType = wrapper.framework; includeInIndex = 0; path = Pods_medical.framework; sourceTree = BUILT_PRODUCTS_DIR; };
		A981D0CF2CBCD68200E2DCCD /* ppi.app */ = {isa = PBXFileReference; explicitFileType = wrapper.application; includeInIndex = 0; path = ppi.app; sourceTree = BUILT_PRODUCTS_DIR; };
		A981D0D22CBCD68200E2DCCD /* AppDelegate.swift */ = {isa = PBXFileReference; lastKnownFileType = sourcecode.swift; path = AppDelegate.swift; sourceTree = "<group>"; };
		A981D0D42CBCD68200E2DCCD /* SceneDelegate.swift */ = {isa = PBXFileReference; lastKnownFileType = sourcecode.swift; path = SceneDelegate.swift; sourceTree = "<group>"; };
		A981D0D62CBCD68200E2DCCD /* ViewController.swift */ = {isa = PBXFileReference; lastKnownFileType = sourcecode.swift; path = ViewController.swift; sourceTree = "<group>"; };
		A981D0D92CBCD68200E2DCCD /* Base */ = {isa = PBXFileReference; lastKnownFileType = file.storyboard; name = Base; path = Base.lproj/Main.storyboard; sourceTree = "<group>"; };
		A981D0DB2CBCD68500E2DCCD /* Assets.xcassets */ = {isa = PBXFileReference; lastKnownFileType = folder.assetcatalog; path = Assets.xcassets; sourceTree = "<group>"; };
		A981D0DE2CBCD68500E2DCCD /* Base */ = {isa = PBXFileReference; lastKnownFileType = file.storyboard; name = Base; path = Base.lproj/LaunchScreen.storyboard; sourceTree = "<group>"; };
		A981D0E02CBCD68500E2DCCD /* Info.plist */ = {isa = PBXFileReference; lastKnownFileType = text.plist.xml; path = Info.plist; sourceTree = "<group>"; };
		A981D0F32CBCD6D000E2DCCD /* pance.app */ = {isa = PBXFileReference; explicitFileType = wrapper.application; includeInIndex = 0; path = pance.app; sourceTree = BUILT_PRODUCTS_DIR; };
		A981D0F42CBCD6D000E2DCCD /* ppi copy-Info.plist */ = {isa = PBXFileReference; lastKnownFileType = text.plist.xml; name = "ppi copy-Info.plist"; path = "/Users/kaplan/Desktop/Github Actions/ktp.usurp.ios/ktp.usurp.ios/ppi copy-Info.plist"; sourceTree = "<absolute>"; };
		A9E557C52CC66E3D00B34BDD /* medical.app */ = {isa = PBXFileReference; explicitFileType = wrapper.application; includeInIndex = 0; path = medical.app; sourceTree = BUILT_PRODUCTS_DIR; };
		A9E557C62CC66E3D00B34BDD /* pance copy-Info.plist */ = {isa = PBXFileReference; lastKnownFileType = text.plist.xml; name = "pance copy-Info.plist"; path = "/Users/kaplan/Desktop/ActionsDocs/ktp.usurp.ios/ktp.usurp.ios/pance copy-Info.plist"; sourceTree = "<absolute>"; };
		A9E557D62CC66E8F00B34BDD /* nclex.app */ = {isa = PBXFileReference; explicitFileType = wrapper.application; includeInIndex = 0; path = nclex.app; sourceTree = BUILT_PRODUCTS_DIR; };
		A9E557D72CC66E8F00B34BDD /* medical copy-Info.plist */ = {isa = PBXFileReference; lastKnownFileType = text.plist.xml; name = "medical copy-Info.plist"; path = "/Users/kaplan/Desktop/ActionsDocs/ktp.usurp.ios/ktp.usurp.ios/medical copy-Info.plist"; sourceTree = "<absolute>"; };
		A9E557E72CC66EB900B34BDD /* mcat.app */ = {isa = PBXFileReference; explicitFileType = wrapper.application; includeInIndex = 0; path = mcat.app; sourceTree = BUILT_PRODUCTS_DIR; };
		A9E557E82CC66EB900B34BDD /* nclex copy-Info.plist */ = {isa = PBXFileReference; lastKnownFileType = text.plist.xml; name = "nclex copy-Info.plist"; path = "/Users/kaplan/Desktop/ActionsDocs/ktp.usurp.ios/ktp.usurp.ios/nclex copy-Info.plist"; sourceTree = "<absolute>"; };
		D5E141E04D28871025F75F95 /* Pods-nclex.release.xcconfig */ = {isa = PBXFileReference; includeInIndex = 1; lastKnownFileType = text.xcconfig; name = "Pods-nclex.release.xcconfig"; path = "Target Support Files/Pods-nclex/Pods-nclex.release.xcconfig"; sourceTree = "<group>"; };
		DB748823303FA7718DA7A165 /* Pods-nclex.debug.xcconfig */ = {isa = PBXFileReference; includeInIndex = 1; lastKnownFileType = text.xcconfig; name = "Pods-nclex.debug.xcconfig"; path = "Target Support Files/Pods-nclex/Pods-nclex.debug.xcconfig"; sourceTree = "<group>"; };
/* End PBXFileReference section */

/* Begin PBXFrameworksBuildPhase section */
		A981D0CC2CBCD68200E2DCCD /* Frameworks */ = {
			isa = PBXFrameworksBuildPhase;
			buildActionMask = 2147483647;
			files = (
				EDD2F6E27AFD891347DF807B /* Pods_ppi.framework in Frameworks */,
			);
			runOnlyForDeploymentPostprocessing = 0;
		};
		A981D0EB2CBCD6D000E2DCCD /* Frameworks */ = {
			isa = PBXFrameworksBuildPhase;
			buildActionMask = 2147483647;
			files = (
				114CE2626A1ECF7C8BB3E210 /* (null) in Frameworks */,
				26D487DDD8A095AFB584D6CA /* Pods_pance.framework in Frameworks */,
			);
			runOnlyForDeploymentPostprocessing = 0;
		};
		A9E557BC2CC66E3D00B34BDD /* Frameworks */ = {
			isa = PBXFrameworksBuildPhase;
			buildActionMask = 2147483647;
			files = (
				3DEDD194EFBF751F96F55BDE /* Pods_medical.framework in Frameworks */,
			);
			runOnlyForDeploymentPostprocessing = 0;
		};
		A9E557CD2CC66E8F00B34BDD /* Frameworks */ = {
			isa = PBXFrameworksBuildPhase;
			buildActionMask = 2147483647;
			files = (
				C86FF4555BEC4E7FD3627A57 /* Pods_nclex.framework in Frameworks */,
			);
			runOnlyForDeploymentPostprocessing = 0;
		};
		A9E557DE2CC66EB900B34BDD /* Frameworks */ = {
			isa = PBXFrameworksBuildPhase;
			buildActionMask = 2147483647;
			files = (
				5B2180AE51C7539A9BE64B19 /* Pods_mcat.framework in Frameworks */,
			);
			runOnlyForDeploymentPostprocessing = 0;
		};
/* End PBXFrameworksBuildPhase section */

/* Begin PBXGroup section */
		8D3182550628EA96E301C7F1 /* Frameworks */ = {
			isa = PBXGroup;
			children = (
				0529187636CBB3689DF8F7E0 /* Pods_ppi.framework */,
				0F924D387D4DE778CA86BB35 /* Pods_mcat.framework */,
				87866C6EC3E9C8DA9027BA8E /* Pods_medical.framework */,
				5ECD668D9EF1990515B1648E /* Pods_nclex.framework */,
				829DDC87E55A2313F2A57F67 /* Pods_pance.framework */,
			);
			name = Frameworks;
			sourceTree = "<group>";
		};
		A981D0C62CBCD68200E2DCCD = {
			isa = PBXGroup;
			children = (
				A981D0D12CBCD68200E2DCCD /* ktp.usurp.ios */,
				A981D0D02CBCD68200E2DCCD /* Products */,
				A981D0F42CBCD6D000E2DCCD /* ppi copy-Info.plist */,
				F77E3C0A141B70C9E47615F5 /* Pods */,
				8D3182550628EA96E301C7F1 /* Frameworks */,
				A9E557C62CC66E3D00B34BDD /* pance copy-Info.plist */,
				A9E557D72CC66E8F00B34BDD /* medical copy-Info.plist */,
				A9E557E82CC66EB900B34BDD /* nclex copy-Info.plist */,
			);
			sourceTree = "<group>";
		};
		A981D0D02CBCD68200E2DCCD /* Products */ = {
			isa = PBXGroup;
			children = (
				A981D0CF2CBCD68200E2DCCD /* ppi.app */,
				A981D0F32CBCD6D000E2DCCD /* pance.app */,
				A9E557C52CC66E3D00B34BDD /* medical.app */,
				A9E557D62CC66E8F00B34BDD /* nclex.app */,
				A9E557E72CC66EB900B34BDD /* mcat.app */,
			);
			name = Products;
			sourceTree = "<group>";
		};
		A981D0D12CBCD68200E2DCCD /* ktp.usurp.ios */ = {
			isa = PBXGroup;
			children = (
				A981D0D22CBCD68200E2DCCD /* AppDelegate.swift */,
				A981D0D42CBCD68200E2DCCD /* SceneDelegate.swift */,
				A981D0D62CBCD68200E2DCCD /* ViewController.swift */,
				A981D0D82CBCD68200E2DCCD /* Main.storyboard */,
				A981D0DB2CBCD68500E2DCCD /* Assets.xcassets */,
				A981D0DD2CBCD68500E2DCCD /* LaunchScreen.storyboard */,
				A981D0E02CBCD68500E2DCCD /* Info.plist */,
			);
			path = ktp.usurp.ios;
			sourceTree = "<group>";
		};
		F77E3C0A141B70C9E47615F5 /* Pods */ = {
			isa = PBXGroup;
			children = (
				153C87B5194D1A9B80211853 /* Pods-pance.debug.xcconfig */,
				737561CE1BE9AA7F3A26006F /* Pods-pance.release.xcconfig */,
				288B08C2A93BD4E456BD5901 /* Pods-ppi.debug.xcconfig */,
				1BD509EAE3DC957A6C5F969F /* Pods-ppi.release.xcconfig */,
				464E32DBCE7F1E7D3B452F26 /* Pods-mcat.debug.xcconfig */,
				86BFCF47606EA4EA5D5E782F /* Pods-mcat.release.xcconfig */,
				164F7546325A7F329F681490 /* Pods-medical.debug.xcconfig */,
				1596D15BB0D766F4561DC4C2 /* Pods-medical.release.xcconfig */,
				DB748823303FA7718DA7A165 /* Pods-nclex.debug.xcconfig */,
				D5E141E04D28871025F75F95 /* Pods-nclex.release.xcconfig */,
			);
			path = Pods;
			sourceTree = "<group>";
		};
/* End PBXGroup section */

/* Begin PBXNativeTarget section */
		A981D0CE2CBCD68200E2DCCD /* ppi */ = {
			isa = PBXNativeTarget;
			buildConfigurationList = A981D0E32CBCD68500E2DCCD /* Build configuration list for PBXNativeTarget "ppi" */;
			buildPhases = (
				C116A3C8A3E1FBB9BDD99384 /* [CP] Check Pods Manifest.lock */,
				A981D0CB2CBCD68200E2DCCD /* Sources */,
				A981D0CC2CBCD68200E2DCCD /* Frameworks */,
				A981D0CD2CBCD68200E2DCCD /* Resources */,
				5DE5448F35E5FE141BBC6211 /* [CP] Embed Pods Frameworks */,
				74056574B98D24A401512F9D /* [CP] Copy Pods Resources */,
				A9E557EB2CC66FE800B34BDD /* ShellScript */,
			);
			buildRules = (
			);
			dependencies = (
			);
			name = ppi;
			productName = ktp.usurp.ios;
			productReference = A981D0CF2CBCD68200E2DCCD /* ppi.app */;
			productType = "com.apple.product-type.application";
		};
		A981D0E62CBCD6D000E2DCCD /* pance */ = {
			isa = PBXNativeTarget;
			buildConfigurationList = A981D0F02CBCD6D000E2DCCD /* Build configuration list for PBXNativeTarget "pance" */;
			buildPhases = (
				9FD8E7ABC29D713425082947 /* [CP] Check Pods Manifest.lock */,
				A981D0E72CBCD6D000E2DCCD /* Sources */,
				A981D0EB2CBCD6D000E2DCCD /* Frameworks */,
				A981D0EC2CBCD6D000E2DCCD /* Resources */,
				2A0E4898649F98835E8C7D9F /* [CP] Embed Pods Frameworks */,
				EBF9CDFCF12C5A0837AB392C /* [CP] Copy Pods Resources */,
				A9E557EA2CC66FE000B34BDD /* ShellScript */,
			);
			buildRules = (
			);
			dependencies = (
			);
			name = pance;
			productName = ktp.usurp.ios;
			productReference = A981D0F32CBCD6D000E2DCCD /* pance.app */;
			productType = "com.apple.product-type.application";
		};
		A9E557B62CC66E3D00B34BDD /* medical */ = {
			isa = PBXNativeTarget;
			buildConfigurationList = A9E557C22CC66E3D00B34BDD /* Build configuration list for PBXNativeTarget "medical" */;
			buildPhases = (
				A9E557B72CC66E3D00B34BDD /* [CP] Check Pods Manifest.lock */,
				A9E557B82CC66E3D00B34BDD /* Sources */,
				A9E557BC2CC66E3D00B34BDD /* Frameworks */,
				A9E557BE2CC66E3D00B34BDD /* Resources */,
				F52119548AE3F83560176421 /* [CP] Embed Pods Frameworks */,
				658EAB139AEAB657A6D30FCD /* [CP] Copy Pods Resources */,
				A9E557E92CC66FAC00B34BDD /* ShellScript */,
			);
			buildRules = (
			);
			dependencies = (
			);
			name = medical;
			productName = ktp.usurp.ios;
			productReference = A9E557C52CC66E3D00B34BDD /* medical.app */;
			productType = "com.apple.product-type.application";
		};
		A9E557C72CC66E8F00B34BDD /* nclex */ = {
			isa = PBXNativeTarget;
			buildConfigurationList = A9E557D32CC66E8F00B34BDD /* Build configuration list for PBXNativeTarget "nclex" */;
			buildPhases = (
				A9E557C82CC66E8F00B34BDD /* [CP] Check Pods Manifest.lock */,
				A9E557C92CC66E8F00B34BDD /* Sources */,
				A9E557CD2CC66E8F00B34BDD /* Frameworks */,
				A9E557CF2CC66E8F00B34BDD /* Resources */,
				EEF183CD355A48742562984B /* [CP] Embed Pods Frameworks */,
				E03E67B8DCA1814E94BA587F /* [CP] Copy Pods Resources */,
				A9E557EC2CC66FF100B34BDD /* ShellScript */,
			);
			buildRules = (
			);
			dependencies = (
			);
			name = nclex;
			productName = ktp.usurp.ios;
			productReference = A9E557D62CC66E8F00B34BDD /* nclex.app */;
			productType = "com.apple.product-type.application";
		};
		A9E557D82CC66EB900B34BDD /* mcat */ = {
			isa = PBXNativeTarget;
			buildConfigurationList = A9E557E42CC66EB900B34BDD /* Build configuration list for PBXNativeTarget "mcat" */;
			buildPhases = (
				A9E557D92CC66EB900B34BDD /* [CP] Check Pods Manifest.lock */,
				A9E557DA2CC66EB900B34BDD /* Sources */,
				A9E557DE2CC66EB900B34BDD /* Frameworks */,
				A9E557E02CC66EB900B34BDD /* Resources */,
				F410CA4C074BEA23B703970E /* [CP] Embed Pods Frameworks */,
				FA263C2848DA472165CD6B6E /* [CP] Copy Pods Resources */,
				A9E557ED2CC66FF700B34BDD /* ShellScript */,
			);
			buildRules = (
			);
			dependencies = (
			);
			name = mcat;
			productName = ktp.usurp.ios;
			productReference = A9E557E72CC66EB900B34BDD /* mcat.app */;
			productType = "com.apple.product-type.application";
		};
/* End PBXNativeTarget section */

/* Begin PBXProject section */
		A981D0C72CBCD68200E2DCCD /* Project object */ = {
			isa = PBXProject;
			attributes = {
				BuildIndependentTargetsInParallel = 1;
				LastSwiftUpdateCheck = 1540;
				LastUpgradeCheck = 1540;
				TargetAttributes = {
					A981D0CE2CBCD68200E2DCCD = {
						CreatedOnToolsVersion = 15.4;
					};
				};
			};
			buildConfigurationList = A981D0CA2CBCD68200E2DCCD /* Build configuration list for PBXProject "ktp.usurp.ios" */;
			compatibilityVersion = "Xcode 14.0";
			developmentRegion = en;
			hasScannedForEncodings = 0;
			knownRegions = (
				en,
				Base,
			);
			mainGroup = A981D0C62CBCD68200E2DCCD;
			productRefGroup = A981D0D02CBCD68200E2DCCD /* Products */;
			projectDirPath = "";
			projectRoot = "";
			targets = (
				A981D0CE2CBCD68200E2DCCD /* ppi */,
				A981D0E62CBCD6D000E2DCCD /* pance */,
				A9E557B62CC66E3D00B34BDD /* medical */,
				A9E557C72CC66E8F00B34BDD /* nclex */,
				A9E557D82CC66EB900B34BDD /* mcat */,
			);
		};
/* End PBXProject section */

/* Begin PBXResourcesBuildPhase section */
		A981D0CD2CBCD68200E2DCCD /* Resources */ = {
			isa = PBXResourcesBuildPhase;
			buildActionMask = 2147483647;
			files = (
				A981D0DC2CBCD68500E2DCCD /* Assets.xcassets in Resources */,
				A981D0DF2CBCD68500E2DCCD /* Base in Resources */,
				A981D0DA2CBCD68200E2DCCD /* Base in Resources */,
			);
			runOnlyForDeploymentPostprocessing = 0;
		};
		A981D0EC2CBCD6D000E2DCCD /* Resources */ = {
			isa = PBXResourcesBuildPhase;
			buildActionMask = 2147483647;
			files = (
				A981D0ED2CBCD6D000E2DCCD /* Assets.xcassets in Resources */,
				A981D0EE2CBCD6D000E2DCCD /* Base in Resources */,
				A981D0EF2CBCD6D000E2DCCD /* Base in Resources */,
			);
			runOnlyForDeploymentPostprocessing = 0;
		};
		A9E557BE2CC66E3D00B34BDD /* Resources */ = {
			isa = PBXResourcesBuildPhase;
			buildActionMask = 2147483647;
			files = (
				A9E557BF2CC66E3D00B34BDD /* Assets.xcassets in Resources */,
				A9E557C02CC66E3D00B34BDD /* Base in Resources */,
				A9E557C12CC66E3D00B34BDD /* Base in Resources */,
			);
			runOnlyForDeploymentPostprocessing = 0;
		};
		A9E557CF2CC66E8F00B34BDD /* Resources */ = {
			isa = PBXResourcesBuildPhase;
			buildActionMask = 2147483647;
			files = (
				A9E557D02CC66E8F00B34BDD /* Assets.xcassets in Resources */,
				A9E557D12CC66E8F00B34BDD /* Base in Resources */,
				A9E557D22CC66E8F00B34BDD /* Base in Resources */,
			);
			runOnlyForDeploymentPostprocessing = 0;
		};
		A9E557E02CC66EB900B34BDD /* Resources */ = {
			isa = PBXResourcesBuildPhase;
			buildActionMask = 2147483647;
			files = (
				A9E557E12CC66EB900B34BDD /* Assets.xcassets in Resources */,
				A9E557E22CC66EB900B34BDD /* Base in Resources */,
				A9E557E32CC66EB900B34BDD /* Base in Resources */,
			);
			runOnlyForDeploymentPostprocessing = 0;
		};
/* End PBXResourcesBuildPhase section */

/* Begin PBXShellScriptBuildPhase section */
		2A0E4898649F98835E8C7D9F /* [CP] Embed Pods Frameworks */ = {
			isa = PBXShellScriptBuildPhase;
			alwaysOutOfDate = 1;
			buildActionMask = 2147483647;
			files = (
			);
			inputFileListPaths = (
				"${PODS_ROOT}/Target Support Files/Pods-pance/Pods-pance-frameworks-${CONFIGURATION}-input-files.xcfilelist",
			);
			name = "[CP] Embed Pods Frameworks";
			outputFileListPaths = (
				"${PODS_ROOT}/Target Support Files/Pods-pance/Pods-pance-frameworks-${CONFIGURATION}-output-files.xcfilelist",
			);
			runOnlyForDeploymentPostprocessing = 0;
			shellPath = /bin/sh;
			shellScript = "\"${PODS_ROOT}/Target Support Files/Pods-pance/Pods-pance-frameworks.sh\"\n";
			showEnvVarsInLog = 0;
		};
		5DE5448F35E5FE141BBC6211 /* [CP] Embed Pods Frameworks */ = {
			isa = PBXShellScriptBuildPhase;
			alwaysOutOfDate = 1;
			buildActionMask = 2147483647;
			files = (
			);
			inputFileListPaths = (
				"${PODS_ROOT}/Target Support Files/Pods-ppi/Pods-ppi-frameworks-${CONFIGURATION}-input-files.xcfilelist",
			);
			name = "[CP] Embed Pods Frameworks";
			outputFileListPaths = (
				"${PODS_ROOT}/Target Support Files/Pods-ppi/Pods-ppi-frameworks-${CONFIGURATION}-output-files.xcfilelist",
			);
			runOnlyForDeploymentPostprocessing = 0;
			shellPath = /bin/sh;
			shellScript = "\"${PODS_ROOT}/Target Support Files/Pods-ppi/Pods-ppi-frameworks.sh\"\n";
			showEnvVarsInLog = 0;
		};
		658EAB139AEAB657A6D30FCD /* [CP] Copy Pods Resources */ = {
			isa = PBXShellScriptBuildPhase;
			alwaysOutOfDate = 1;
			buildActionMask = 2147483647;
			files = (
			);
			inputFileListPaths = (
				"${PODS_ROOT}/Target Support Files/Pods-medical/Pods-medical-resources-${CONFIGURATION}-input-files.xcfilelist",
			);
			name = "[CP] Copy Pods Resources";
			outputFileListPaths = (
				"${PODS_ROOT}/Target Support Files/Pods-medical/Pods-medical-resources-${CONFIGURATION}-output-files.xcfilelist",
			);
			runOnlyForDeploymentPostprocessing = 0;
			shellPath = /bin/sh;
			shellScript = "\"${PODS_ROOT}/Target Support Files/Pods-medical/Pods-medical-resources.sh\"\n";
			showEnvVarsInLog = 0;
		};
		74056574B98D24A401512F9D /* [CP] Copy Pods Resources */ = {
			isa = PBXShellScriptBuildPhase;
			alwaysOutOfDate = 1;
			buildActionMask = 2147483647;
			files = (
			);
			inputFileListPaths = (
				"${PODS_ROOT}/Target Support Files/Pods-ppi/Pods-ppi-resources-${CONFIGURATION}-input-files.xcfilelist",
			);
			name = "[CP] Copy Pods Resources";
			outputFileListPaths = (
				"${PODS_ROOT}/Target Support Files/Pods-ppi/Pods-ppi-resources-${CONFIGURATION}-output-files.xcfilelist",
			);
			runOnlyForDeploymentPostprocessing = 0;
			shellPath = /bin/sh;
			shellScript = "\"${PODS_ROOT}/Target Support Files/Pods-ppi/Pods-ppi-resources.sh\"\n";
			showEnvVarsInLog = 0;
		};
		9FD8E7ABC29D713425082947 /* [CP] Check Pods Manifest.lock */ = {
			isa = PBXShellScriptBuildPhase;
			buildActionMask = 2147483647;
			files = (
			);
			inputFileListPaths = (
			);
			inputPaths = (
				"${PODS_PODFILE_DIR_PATH}/Podfile.lock",
				"${PODS_ROOT}/Manifest.lock",
			);
			name = "[CP] Check Pods Manifest.lock";
			outputFileListPaths = (
			);
			outputPaths = (
				"$(DERIVED_FILE_DIR)/Pods-pance-checkManifestLockResult.txt",
			);
			runOnlyForDeploymentPostprocessing = 0;
			shellPath = /bin/sh;
			shellScript = "diff \"${PODS_PODFILE_DIR_PATH}/Podfile.lock\" \"${PODS_ROOT}/Manifest.lock\" > /dev/null\nif [ $? != 0 ] ; then\n    # print error to STDERR\n    echo \"error: The sandbox is not in sync with the Podfile.lock. Run 'pod install' or update your CocoaPods installation.\" >&2\n    exit 1\nfi\n# This output is used by Xcode 'outputs' to avoid re-running this script phase.\necho \"SUCCESS\" > \"${SCRIPT_OUTPUT_FILE_0}\"\n";
			showEnvVarsInLog = 0;
		};
		A9E557B72CC66E3D00B34BDD /* [CP] Check Pods Manifest.lock */ = {
			isa = PBXShellScriptBuildPhase;
			buildActionMask = 2147483647;
			files = (
			);
			inputFileListPaths = (
			);
			inputPaths = (
				"${PODS_PODFILE_DIR_PATH}/Podfile.lock",
				"${PODS_ROOT}/Manifest.lock",
			);
			name = "[CP] Check Pods Manifest.lock";
			outputFileListPaths = (
			);
			outputPaths = (
				"$(DERIVED_FILE_DIR)/Pods-medical-checkManifestLockResult.txt",
			);
			runOnlyForDeploymentPostprocessing = 0;
			shellPath = /bin/sh;
			shellScript = "diff \"${PODS_PODFILE_DIR_PATH}/Podfile.lock\" \"${PODS_ROOT}/Manifest.lock\" > /dev/null\nif [ $? != 0 ] ; then\n    # print error to STDERR\n    echo \"error: The sandbox is not in sync with the Podfile.lock. Run 'pod install' or update your CocoaPods installation.\" >&2\n    exit 1\nfi\n# This output is used by Xcode 'outputs' to avoid re-running this script phase.\necho \"SUCCESS\" > \"${SCRIPT_OUTPUT_FILE_0}\"\n";
			showEnvVarsInLog = 0;
		};
		A9E557C82CC66E8F00B34BDD /* [CP] Check Pods Manifest.lock */ = {
			isa = PBXShellScriptBuildPhase;
			buildActionMask = 2147483647;
			files = (
			);
			inputFileListPaths = (
			);
			inputPaths = (
				"${PODS_PODFILE_DIR_PATH}/Podfile.lock",
				"${PODS_ROOT}/Manifest.lock",
			);
			name = "[CP] Check Pods Manifest.lock";
			outputFileListPaths = (
			);
			outputPaths = (
				"$(DERIVED_FILE_DIR)/Pods-nclex-checkManifestLockResult.txt",
			);
			runOnlyForDeploymentPostprocessing = 0;
			shellPath = /bin/sh;
			shellScript = "diff \"${PODS_PODFILE_DIR_PATH}/Podfile.lock\" \"${PODS_ROOT}/Manifest.lock\" > /dev/null\nif [ $? != 0 ] ; then\n    # print error to STDERR\n    echo \"error: The sandbox is not in sync with the Podfile.lock. Run 'pod install' or update your CocoaPods installation.\" >&2\n    exit 1\nfi\n# This output is used by Xcode 'outputs' to avoid re-running this script phase.\necho \"SUCCESS\" > \"${SCRIPT_OUTPUT_FILE_0}\"\n";
			showEnvVarsInLog = 0;
		};
		A9E557D92CC66EB900B34BDD /* [CP] Check Pods Manifest.lock */ = {
			isa = PBXShellScriptBuildPhase;
			buildActionMask = 2147483647;
			files = (
			);
			inputFileListPaths = (
			);
			inputPaths = (
				"${PODS_PODFILE_DIR_PATH}/Podfile.lock",
				"${PODS_ROOT}/Manifest.lock",
			);
			name = "[CP] Check Pods Manifest.lock";
			outputFileListPaths = (
			);
			outputPaths = (
				"$(DERIVED_FILE_DIR)/Pods-mcat-checkManifestLockResult.txt",
			);
			runOnlyForDeploymentPostprocessing = 0;
			shellPath = /bin/sh;
			shellScript = "diff \"${PODS_PODFILE_DIR_PATH}/Podfile.lock\" \"${PODS_ROOT}/Manifest.lock\" > /dev/null\nif [ $? != 0 ] ; then\n    # print error to STDERR\n    echo \"error: The sandbox is not in sync with the Podfile.lock. Run 'pod install' or update your CocoaPods installation.\" >&2\n    exit 1\nfi\n# This output is used by Xcode 'outputs' to avoid re-running this script phase.\necho \"SUCCESS\" > \"${SCRIPT_OUTPUT_FILE_0}\"\n";
			showEnvVarsInLog = 0;
		};
		A9E557E92CC66FAC00B34BDD /* ShellScript */ = {
			isa = PBXShellScriptBuildPhase;
			alwaysOutOfDate = 1;
			buildActionMask = 2147483647;
			files = (
			);
			inputFileListPaths = (
			);
			inputPaths = (
				"${DWARF_DSYM_FOLDER_PATH}/${DWARF_DSYM_FILE_NAME}/Contents/Resources/DWARF/${TARGET_NAME}",
				"$(SRCROOT)/$(BUILT_PRODUCTS_DIR)/$(INFOPLIST_PATH)",
			);
			outputFileListPaths = (
			);
			outputPaths = (
			);
			runOnlyForDeploymentPostprocessing = 0;
			shellPath = /bin/sh;
			shellScript = "# Type a script or drag a script file from your workspace to insert its path.\n# Type a script or drag a script file from your workspace to insert its path.\n\"${PODS_ROOT}/FirebaseCrashlytics/run\"\n";
		};
		A9E557EA2CC66FE000B34BDD /* ShellScript */ = {
			isa = PBXShellScriptBuildPhase;
			alwaysOutOfDate = 1;
			buildActionMask = 2147483647;
			files = (
			);
			inputFileListPaths = (
			);
			inputPaths = (
				"${DWARF_DSYM_FOLDER_PATH}/${DWARF_DSYM_FILE_NAME}/Contents/Resources/DWARF/${TARGET_NAME}",
				"$(SRCROOT)/$(BUILT_PRODUCTS_DIR)/$(INFOPLIST_PATH)",
			);
			outputFileListPaths = (
			);
			outputPaths = (
			);
			runOnlyForDeploymentPostprocessing = 0;
			shellPath = /bin/sh;
			shellScript = "# Type a script or drag a script file from your workspace to insert its path.\n\"${PODS_ROOT}/FirebaseCrashlytics/run\"\n";
		};
		A9E557EB2CC66FE800B34BDD /* ShellScript */ = {
			isa = PBXShellScriptBuildPhase;
			alwaysOutOfDate = 1;
			buildActionMask = 2147483647;
			files = (
			);
			inputFileListPaths = (
			);
			inputPaths = (
				"${DWARF_DSYM_FOLDER_PATH}/${DWARF_DSYM_FILE_NAME}/Contents/Resources/DWARF/${TARGET_NAME}",
				"$(SRCROOT)/$(BUILT_PRODUCTS_DIR)/$(INFOPLIST_PATH)",
			);
			outputFileListPaths = (
			);
			outputPaths = (
			);
			runOnlyForDeploymentPostprocessing = 0;
			shellPath = /bin/sh;
			shellScript = "# Type a script or drag a script file from your workspace to insert its path.\n\"${PODS_ROOT}/FirebaseCrashlytics/run\"\n";
		};
		A9E557EC2CC66FF100B34BDD /* ShellScript */ = {
			isa = PBXShellScriptBuildPhase;
			alwaysOutOfDate = 1;
			buildActionMask = 2147483647;
			files = (
			);
			inputFileListPaths = (
			);
			inputPaths = (
				"${DWARF_DSYM_FOLDER_PATH}/${DWARF_DSYM_FILE_NAME}/Contents/Resources/DWARF/${TARGET_NAME}",
				"$(SRCROOT)/$(BUILT_PRODUCTS_DIR)/$(INFOPLIST_PATH)",
			);
			outputFileListPaths = (
			);
			outputPaths = (
			);
			runOnlyForDeploymentPostprocessing = 0;
			shellPath = /bin/sh;
			shellScript = "# Type a script or drag a script file from your workspace to insert its path.\n\"${PODS_ROOT}/FirebaseCrashlytics/run\"\n";
		};
		A9E557ED2CC66FF700B34BDD /* ShellScript */ = {
			isa = PBXShellScriptBuildPhase;
			alwaysOutOfDate = 1;
			buildActionMask = 2147483647;
			files = (
			);
			inputFileListPaths = (
			);
			inputPaths = (
				"${DWARF_DSYM_FOLDER_PATH}/${DWARF_DSYM_FILE_NAME}/Contents/Resources/DWARF/${TARGET_NAME}",
				"$(SRCROOT)/$(BUILT_PRODUCTS_DIR)/$(INFOPLIST_PATH)",
			);
			outputFileListPaths = (
			);
			outputPaths = (
			);
			runOnlyForDeploymentPostprocessing = 0;
			shellPath = /bin/sh;
			shellScript = "# Type a script or drag a script file from your workspace to insert its path.\n\"${PODS_ROOT}/FirebaseCrashlytics/run\"\n";
		};
		C116A3C8A3E1FBB9BDD99384 /* [CP] Check Pods Manifest.lock */ = {
			isa = PBXShellScriptBuildPhase;
			buildActionMask = 2147483647;
			files = (
			);
			inputFileListPaths = (
			);
			inputPaths = (
				"${PODS_PODFILE_DIR_PATH}/Podfile.lock",
				"${PODS_ROOT}/Manifest.lock",
			);
			name = "[CP] Check Pods Manifest.lock";
			outputFileListPaths = (
			);
			outputPaths = (
				"$(DERIVED_FILE_DIR)/Pods-ppi-checkManifestLockResult.txt",
			);
			runOnlyForDeploymentPostprocessing = 0;
			shellPath = /bin/sh;
			shellScript = "diff \"${PODS_PODFILE_DIR_PATH}/Podfile.lock\" \"${PODS_ROOT}/Manifest.lock\" > /dev/null\nif [ $? != 0 ] ; then\n    # print error to STDERR\n    echo \"error: The sandbox is not in sync with the Podfile.lock. Run 'pod install' or update your CocoaPods installation.\" >&2\n    exit 1\nfi\n# This output is used by Xcode 'outputs' to avoid re-running this script phase.\necho \"SUCCESS\" > \"${SCRIPT_OUTPUT_FILE_0}\"\n";
			showEnvVarsInLog = 0;
		};
		E03E67B8DCA1814E94BA587F /* [CP] Copy Pods Resources */ = {
			isa = PBXShellScriptBuildPhase;
			alwaysOutOfDate = 1;
			buildActionMask = 2147483647;
			files = (
			);
			inputFileListPaths = (
				"${PODS_ROOT}/Target Support Files/Pods-nclex/Pods-nclex-resources-${CONFIGURATION}-input-files.xcfilelist",
			);
			name = "[CP] Copy Pods Resources";
			outputFileListPaths = (
				"${PODS_ROOT}/Target Support Files/Pods-nclex/Pods-nclex-resources-${CONFIGURATION}-output-files.xcfilelist",
			);
			runOnlyForDeploymentPostprocessing = 0;
			shellPath = /bin/sh;
			shellScript = "\"${PODS_ROOT}/Target Support Files/Pods-nclex/Pods-nclex-resources.sh\"\n";
			showEnvVarsInLog = 0;
		};
		EBF9CDFCF12C5A0837AB392C /* [CP] Copy Pods Resources */ = {
			isa = PBXShellScriptBuildPhase;
			alwaysOutOfDate = 1;
			buildActionMask = 2147483647;
			files = (
			);
			inputFileListPaths = (
				"${PODS_ROOT}/Target Support Files/Pods-pance/Pods-pance-resources-${CONFIGURATION}-input-files.xcfilelist",
			);
			name = "[CP] Copy Pods Resources";
			outputFileListPaths = (
				"${PODS_ROOT}/Target Support Files/Pods-pance/Pods-pance-resources-${CONFIGURATION}-output-files.xcfilelist",
			);
			runOnlyForDeploymentPostprocessing = 0;
			shellPath = /bin/sh;
			shellScript = "\"${PODS_ROOT}/Target Support Files/Pods-pance/Pods-pance-resources.sh\"\n";
			showEnvVarsInLog = 0;
		};
		EEF183CD355A48742562984B /* [CP] Embed Pods Frameworks */ = {
			isa = PBXShellScriptBuildPhase;
			alwaysOutOfDate = 1;
			buildActionMask = 2147483647;
			files = (
			);
			inputFileListPaths = (
				"${PODS_ROOT}/Target Support Files/Pods-nclex/Pods-nclex-frameworks-${CONFIGURATION}-input-files.xcfilelist",
			);
			name = "[CP] Embed Pods Frameworks";
			outputFileListPaths = (
				"${PODS_ROOT}/Target Support Files/Pods-nclex/Pods-nclex-frameworks-${CONFIGURATION}-output-files.xcfilelist",
			);
			runOnlyForDeploymentPostprocessing = 0;
			shellPath = /bin/sh;
			shellScript = "\"${PODS_ROOT}/Target Support Files/Pods-nclex/Pods-nclex-frameworks.sh\"\n";
			showEnvVarsInLog = 0;
		};
		F410CA4C074BEA23B703970E /* [CP] Embed Pods Frameworks */ = {
			isa = PBXShellScriptBuildPhase;
			alwaysOutOfDate = 1;
			buildActionMask = 2147483647;
			files = (
			);
			inputFileListPaths = (
				"${PODS_ROOT}/Target Support Files/Pods-mcat/Pods-mcat-frameworks-${CONFIGURATION}-input-files.xcfilelist",
			);
			name = "[CP] Embed Pods Frameworks";
			outputFileListPaths = (
				"${PODS_ROOT}/Target Support Files/Pods-mcat/Pods-mcat-frameworks-${CONFIGURATION}-output-files.xcfilelist",
			);
			runOnlyForDeploymentPostprocessing = 0;
			shellPath = /bin/sh;
			shellScript = "\"${PODS_ROOT}/Target Support Files/Pods-mcat/Pods-mcat-frameworks.sh\"\n";
			showEnvVarsInLog = 0;
		};
		F52119548AE3F83560176421 /* [CP] Embed Pods Frameworks */ = {
			isa = PBXShellScriptBuildPhase;
			alwaysOutOfDate = 1;
			buildActionMask = 2147483647;
			files = (
			);
			inputFileListPaths = (
				"${PODS_ROOT}/Target Support Files/Pods-medical/Pods-medical-frameworks-${CONFIGURATION}-input-files.xcfilelist",
			);
			name = "[CP] Embed Pods Frameworks";
			outputFileListPaths = (
				"${PODS_ROOT}/Target Support Files/Pods-medical/Pods-medical-frameworks-${CONFIGURATION}-output-files.xcfilelist",
			);
			runOnlyForDeploymentPostprocessing = 0;
			shellPath = /bin/sh;
			shellScript = "\"${PODS_ROOT}/Target Support Files/Pods-medical/Pods-medical-frameworks.sh\"\n";
			showEnvVarsInLog = 0;
		};
		FA263C2848DA472165CD6B6E /* [CP] Copy Pods Resources */ = {
			isa = PBXShellScriptBuildPhase;
			alwaysOutOfDate = 1;
			buildActionMask = 2147483647;
			files = (
			);
			inputFileListPaths = (
				"${PODS_ROOT}/Target Support Files/Pods-mcat/Pods-mcat-resources-${CONFIGURATION}-input-files.xcfilelist",
			);
			name = "[CP] Copy Pods Resources";
			outputFileListPaths = (
				"${PODS_ROOT}/Target Support Files/Pods-mcat/Pods-mcat-resources-${CONFIGURATION}-output-files.xcfilelist",
			);
			runOnlyForDeploymentPostprocessing = 0;
			shellPath = /bin/sh;
			shellScript = "\"${PODS_ROOT}/Target Support Files/Pods-mcat/Pods-mcat-resources.sh\"\n";
			showEnvVarsInLog = 0;
		};
/* End PBXShellScriptBuildPhase section */

/* Begin PBXSourcesBuildPhase section */
		A981D0CB2CBCD68200E2DCCD /* Sources */ = {
			isa = PBXSourcesBuildPhase;
			buildActionMask = 2147483647;
			files = (
				A981D0D72CBCD68200E2DCCD /* ViewController.swift in Sources */,
				A981D0D32CBCD68200E2DCCD /* AppDelegate.swift in Sources */,
				A981D0D52CBCD68200E2DCCD /* SceneDelegate.swift in Sources */,
			);
			runOnlyForDeploymentPostprocessing = 0;
		};
		A981D0E72CBCD6D000E2DCCD /* Sources */ = {
			isa = PBXSourcesBuildPhase;
			buildActionMask = 2147483647;
			files = (
				A981D0E82CBCD6D000E2DCCD /* ViewController.swift in Sources */,
				A981D0E92CBCD6D000E2DCCD /* AppDelegate.swift in Sources */,
				A981D0EA2CBCD6D000E2DCCD /* SceneDelegate.swift in Sources */,
			);
			runOnlyForDeploymentPostprocessing = 0;
		};
		A9E557B82CC66E3D00B34BDD /* Sources */ = {
			isa = PBXSourcesBuildPhase;
			buildActionMask = 2147483647;
			files = (
				A9E557B92CC66E3D00B34BDD /* ViewController.swift in Sources */,
				A9E557BA2CC66E3D00B34BDD /* AppDelegate.swift in Sources */,
				A9E557BB2CC66E3D00B34BDD /* SceneDelegate.swift in Sources */,
			);
			runOnlyForDeploymentPostprocessing = 0;
		};
		A9E557C92CC66E8F00B34BDD /* Sources */ = {
			isa = PBXSourcesBuildPhase;
			buildActionMask = 2147483647;
			files = (
				A9E557CA2CC66E8F00B34BDD /* ViewController.swift in Sources */,
				A9E557CB2CC66E8F00B34BDD /* AppDelegate.swift in Sources */,
				A9E557CC2CC66E8F00B34BDD /* SceneDelegate.swift in Sources */,
			);
			runOnlyForDeploymentPostprocessing = 0;
		};
		A9E557DA2CC66EB900B34BDD /* Sources */ = {
			isa = PBXSourcesBuildPhase;
			buildActionMask = 2147483647;
			files = (
				A9E557DB2CC66EB900B34BDD /* ViewController.swift in Sources */,
				A9E557DC2CC66EB900B34BDD /* AppDelegate.swift in Sources */,
				A9E557DD2CC66EB900B34BDD /* SceneDelegate.swift in Sources */,
			);
			runOnlyForDeploymentPostprocessing = 0;
		};
/* End PBXSourcesBuildPhase section */

/* Begin PBXVariantGroup section */
		A981D0D82CBCD68200E2DCCD /* Main.storyboard */ = {
			isa = PBXVariantGroup;
			children = (
				A981D0D92CBCD68200E2DCCD /* Base */,
			);
			name = Main.storyboard;
			sourceTree = "<group>";
		};
		A981D0DD2CBCD68500E2DCCD /* LaunchScreen.storyboard */ = {
			isa = PBXVariantGroup;
			children = (
				A981D0DE2CBCD68500E2DCCD /* Base */,
			);
			name = LaunchScreen.storyboard;
			sourceTree = "<group>";
		};
/* End PBXVariantGroup section */

/* Begin XCBuildConfiguration section */
		A981D0E12CBCD68500E2DCCD /* Debug */ = {
			isa = XCBuildConfiguration;
			buildSettings = {
				ALWAYS_SEARCH_USER_PATHS = NO;
				ASSETCATALOG_COMPILER_GENERATE_SWIFT_ASSET_SYMBOL_EXTENSIONS = YES;
				CLANG_ANALYZER_NONNULL = YES;
				CLANG_ANALYZER_NUMBER_OBJECT_CONVERSION = YES_AGGRESSIVE;
				CLANG_CXX_LANGUAGE_STANDARD = "gnu++20";
				CLANG_ENABLE_MODULES = YES;
				CLANG_ENABLE_OBJC_ARC = YES;
				CLANG_ENABLE_OBJC_WEAK = YES;
				CLANG_WARN_BLOCK_CAPTURE_AUTORELEASING = YES;
				CLANG_WARN_BOOL_CONVERSION = YES;
				CLANG_WARN_COMMA = YES;
				CLANG_WARN_CONSTANT_CONVERSION = YES;
				CLANG_WARN_DEPRECATED_OBJC_IMPLEMENTATIONS = YES;
				CLANG_WARN_DIRECT_OBJC_ISA_USAGE = YES_ERROR;
				CLANG_WARN_DOCUMENTATION_COMMENTS = YES;
				CLANG_WARN_EMPTY_BODY = YES;
				CLANG_WARN_ENUM_CONVERSION = YES;
				CLANG_WARN_INFINITE_RECURSION = YES;
				CLANG_WARN_INT_CONVERSION = YES;
				CLANG_WARN_NON_LITERAL_NULL_CONVERSION = YES;
				CLANG_WARN_OBJC_IMPLICIT_RETAIN_SELF = YES;
				CLANG_WARN_OBJC_LITERAL_CONVERSION = YES;
				CLANG_WARN_OBJC_ROOT_CLASS = YES_ERROR;
				CLANG_WARN_QUOTED_INCLUDE_IN_FRAMEWORK_HEADER = YES;
				CLANG_WARN_RANGE_LOOP_ANALYSIS = YES;
				CLANG_WARN_STRICT_PROTOTYPES = YES;
				CLANG_WARN_SUSPICIOUS_MOVE = YES;
				CLANG_WARN_UNGUARDED_AVAILABILITY = YES_AGGRESSIVE;
				CLANG_WARN_UNREACHABLE_CODE = YES;
				CLANG_WARN__DUPLICATE_METHOD_MATCH = YES;
				COPY_PHASE_STRIP = NO;
				DEBUG_INFORMATION_FORMAT = dwarf;
				ENABLE_STRICT_OBJC_MSGSEND = YES;
				ENABLE_TESTABILITY = YES;
				ENABLE_USER_SCRIPT_SANDBOXING = YES;
				GCC_C_LANGUAGE_STANDARD = gnu17;
				GCC_DYNAMIC_NO_PIC = NO;
				GCC_NO_COMMON_BLOCKS = YES;
				GCC_OPTIMIZATION_LEVEL = 0;
				GCC_PREPROCESSOR_DEFINITIONS = (
					"DEBUG=1",
					"$(inherited)",
				);
				GCC_WARN_64_TO_32_BIT_CONVERSION = YES;
				GCC_WARN_ABOUT_RETURN_TYPE = YES_ERROR;
				GCC_WARN_UNDECLARED_SELECTOR = YES;
				GCC_WARN_UNINITIALIZED_AUTOS = YES_AGGRESSIVE;
				GCC_WARN_UNUSED_FUNCTION = YES;
				GCC_WARN_UNUSED_VARIABLE = YES;
				IPHONEOS_DEPLOYMENT_TARGET = 17.5;
				LOCALIZATION_PREFERS_STRING_CATALOGS = YES;
				MTL_ENABLE_DEBUG_INFO = INCLUDE_SOURCE;
				MTL_FAST_MATH = YES;
				ONLY_ACTIVE_ARCH = YES;
				SDKROOT = iphoneos;
				SWIFT_ACTIVE_COMPILATION_CONDITIONS = "DEBUG $(inherited)";
				SWIFT_OPTIMIZATION_LEVEL = "-Onone";
			};
			name = Debug;
		};
		A981D0E22CBCD68500E2DCCD /* Release */ = {
			isa = XCBuildConfiguration;
			buildSettings = {
				ALWAYS_SEARCH_USER_PATHS = NO;
				ASSETCATALOG_COMPILER_GENERATE_SWIFT_ASSET_SYMBOL_EXTENSIONS = YES;
				CLANG_ANALYZER_NONNULL = YES;
				CLANG_ANALYZER_NUMBER_OBJECT_CONVERSION = YES_AGGRESSIVE;
				CLANG_CXX_LANGUAGE_STANDARD = "gnu++20";
				CLANG_ENABLE_MODULES = YES;
				CLANG_ENABLE_OBJC_ARC = YES;
				CLANG_ENABLE_OBJC_WEAK = YES;
				CLANG_WARN_BLOCK_CAPTURE_AUTORELEASING = YES;
				CLANG_WARN_BOOL_CONVERSION = YES;
				CLANG_WARN_COMMA = YES;
				CLANG_WARN_CONSTANT_CONVERSION = YES;
				CLANG_WARN_DEPRECATED_OBJC_IMPLEMENTATIONS = YES;
				CLANG_WARN_DIRECT_OBJC_ISA_USAGE = YES_ERROR;
				CLANG_WARN_DOCUMENTATION_COMMENTS = YES;
				CLANG_WARN_EMPTY_BODY = YES;
				CLANG_WARN_ENUM_CONVERSION = YES;
				CLANG_WARN_INFINITE_RECURSION = YES;
				CLANG_WARN_INT_CONVERSION = YES;
				CLANG_WARN_NON_LITERAL_NULL_CONVERSION = YES;
				CLANG_WARN_OBJC_IMPLICIT_RETAIN_SELF = YES;
				CLANG_WARN_OBJC_LITERAL_CONVERSION = YES;
				CLANG_WARN_OBJC_ROOT_CLASS = YES_ERROR;
				CLANG_WARN_QUOTED_INCLUDE_IN_FRAMEWORK_HEADER = YES;
				CLANG_WARN_RANGE_LOOP_ANALYSIS = YES;
				CLANG_WARN_STRICT_PROTOTYPES = YES;
				CLANG_WARN_SUSPICIOUS_MOVE = YES;
				CLANG_WARN_UNGUARDED_AVAILABILITY = YES_AGGRESSIVE;
				CLANG_WARN_UNREACHABLE_CODE = YES;
				CLANG_WARN__DUPLICATE_METHOD_MATCH = YES;
				COPY_PHASE_STRIP = NO;
				DEBUG_INFORMATION_FORMAT = "dwarf-with-dsym";
				ENABLE_NS_ASSERTIONS = NO;
				ENABLE_STRICT_OBJC_MSGSEND = YES;
				ENABLE_USER_SCRIPT_SANDBOXING = YES;
				GCC_C_LANGUAGE_STANDARD = gnu17;
				GCC_NO_COMMON_BLOCKS = YES;
				GCC_WARN_64_TO_32_BIT_CONVERSION = YES;
				GCC_WARN_ABOUT_RETURN_TYPE = YES_ERROR;
				GCC_WARN_UNDECLARED_SELECTOR = YES;
				GCC_WARN_UNINITIALIZED_AUTOS = YES_AGGRESSIVE;
				GCC_WARN_UNUSED_FUNCTION = YES;
				GCC_WARN_UNUSED_VARIABLE = YES;
				IPHONEOS_DEPLOYMENT_TARGET = 17.5;
				LOCALIZATION_PREFERS_STRING_CATALOGS = YES;
				MTL_ENABLE_DEBUG_INFO = NO;
				MTL_FAST_MATH = YES;
				SDKROOT = iphoneos;
				SWIFT_COMPILATION_MODE = wholemodule;
				VALIDATE_PRODUCT = YES;
			};
			name = Release;
		};
		A981D0E42CBCD68500E2DCCD /* Debug */ = {
			isa = XCBuildConfiguration;
			baseConfigurationReference = 288B08C2A93BD4E456BD5901 /* Pods-ppi.debug.xcconfig */;
			buildSettings = {
				ASSETCATALOG_COMPILER_APPICON_NAME = AppIcon;
				ASSETCATALOG_COMPILER_GLOBAL_ACCENT_COLOR_NAME = AccentColor;
				CODE_SIGN_IDENTITY = "Apple Development";
				"CODE_SIGN_IDENTITY[sdk=iphoneos*]" = "iPhone Distribution";
				CODE_SIGN_STYLE = Manual;
				CURRENT_PROJECT_VERSION = 1;
				DEVELOPMENT_TEAM = "";
				"DEVELOPMENT_TEAM[sdk=iphoneos*]" = F4E4V7ZGJJ;
				GENERATE_INFOPLIST_FILE = YES;
				INFOPLIST_FILE = ktp.usurp.ios/Info.plist;
				INFOPLIST_KEY_UIApplicationSupportsIndirectInputEvents = YES;
				INFOPLIST_KEY_UILaunchStoryboardName = LaunchScreen;
				INFOPLIST_KEY_UIMainStoryboardFile = Main;
				INFOPLIST_KEY_UISupportedInterfaceOrientations_iPad = "UIInterfaceOrientationPortrait UIInterfaceOrientationPortraitUpsideDown UIInterfaceOrientationLandscapeLeft UIInterfaceOrientationLandscapeRight";
				INFOPLIST_KEY_UISupportedInterfaceOrientations_iPhone = "UIInterfaceOrientationPortrait UIInterfaceOrientationLandscapeLeft UIInterfaceOrientationLandscapeRight";
				LD_RUNPATH_SEARCH_PATHS = (
					"$(inherited)",
					"@executable_path/Frameworks",
				);
				MARKETING_VERSION = 1.0;
				PRODUCT_BUNDLE_IDENTIFIER = com.kaplan.ppi;
				PRODUCT_NAME = "$(TARGET_NAME)";
				PROVISIONING_PROFILE_SPECIFIER = "";
				"PROVISIONING_PROFILE_SPECIFIER[sdk=iphoneos*]" = KaplanPPI;
				SWIFT_EMIT_LOC_STRINGS = YES;
				SWIFT_VERSION = 5.0;
				TARGETED_DEVICE_FAMILY = "1,2";
			};
			name = Debug;
		};
		A981D0E52CBCD68500E2DCCD /* Release */ = {
			isa = XCBuildConfiguration;
			baseConfigurationReference = 1BD509EAE3DC957A6C5F969F /* Pods-ppi.release.xcconfig */;
			buildSettings = {
				ASSETCATALOG_COMPILER_APPICON_NAME = AppIcon;
				ASSETCATALOG_COMPILER_GLOBAL_ACCENT_COLOR_NAME = AccentColor;
				CODE_SIGN_IDENTITY = "Apple Development";
				"CODE_SIGN_IDENTITY[sdk=iphoneos*]" = "iPhone Distribution";
				CODE_SIGN_STYLE = Manual;
				CURRENT_PROJECT_VERSION = 1;
				DEVELOPMENT_TEAM = "";
				"DEVELOPMENT_TEAM[sdk=iphoneos*]" = F4E4V7ZGJJ;
				GENERATE_INFOPLIST_FILE = YES;
				INFOPLIST_FILE = ktp.usurp.ios/Info.plist;
				INFOPLIST_KEY_UIApplicationSupportsIndirectInputEvents = YES;
				INFOPLIST_KEY_UILaunchStoryboardName = LaunchScreen;
				INFOPLIST_KEY_UIMainStoryboardFile = Main;
				INFOPLIST_KEY_UISupportedInterfaceOrientations_iPad = "UIInterfaceOrientationPortrait UIInterfaceOrientationPortraitUpsideDown UIInterfaceOrientationLandscapeLeft UIInterfaceOrientationLandscapeRight";
				INFOPLIST_KEY_UISupportedInterfaceOrientations_iPhone = "UIInterfaceOrientationPortrait UIInterfaceOrientationLandscapeLeft UIInterfaceOrientationLandscapeRight";
				LD_RUNPATH_SEARCH_PATHS = (
					"$(inherited)",
					"@executable_path/Frameworks",
				);
				MARKETING_VERSION = 1.0;
				PRODUCT_BUNDLE_IDENTIFIER = com.kaplan.ppi;
				PRODUCT_NAME = "$(TARGET_NAME)";
				PROVISIONING_PROFILE_SPECIFIER = "";
				"PROVISIONING_PROFILE_SPECIFIER[sdk=iphoneos*]" = KaplanPPI;
				SWIFT_EMIT_LOC_STRINGS = YES;
				SWIFT_VERSION = 5.0;
				TARGETED_DEVICE_FAMILY = "1,2";
			};
			name = Release;
		};
		A981D0F12CBCD6D000E2DCCD /* Debug */ = {
			isa = XCBuildConfiguration;
			baseConfigurationReference = 153C87B5194D1A9B80211853 /* Pods-pance.debug.xcconfig */;
			buildSettings = {
				ASSETCATALOG_COMPILER_APPICON_NAME = AppIcon;
				ASSETCATALOG_COMPILER_GLOBAL_ACCENT_COLOR_NAME = AccentColor;
				"CODE_SIGN_IDENTITY[sdk=iphoneos*]" = "iPhone Distribution";
				CODE_SIGN_STYLE = Manual;
				CURRENT_PROJECT_VERSION = 1;
				DEVELOPMENT_TEAM = "";
				"DEVELOPMENT_TEAM[sdk=iphoneos*]" = F4E4V7ZGJJ;
				GENERATE_INFOPLIST_FILE = YES;
				INFOPLIST_FILE = "ppi copy-Info.plist";
				INFOPLIST_KEY_UIApplicationSupportsIndirectInputEvents = YES;
				INFOPLIST_KEY_UILaunchStoryboardName = LaunchScreen;
				INFOPLIST_KEY_UIMainStoryboardFile = Main;
				INFOPLIST_KEY_UISupportedInterfaceOrientations_iPad = "UIInterfaceOrientationPortrait UIInterfaceOrientationPortraitUpsideDown UIInterfaceOrientationLandscapeLeft UIInterfaceOrientationLandscapeRight";
				INFOPLIST_KEY_UISupportedInterfaceOrientations_iPhone = "UIInterfaceOrientationPortrait UIInterfaceOrientationLandscapeLeft UIInterfaceOrientationLandscapeRight";
				LD_RUNPATH_SEARCH_PATHS = (
					"$(inherited)",
					"@executable_path/Frameworks",
				);
				MARKETING_VERSION = 1.0;
				PRODUCT_BUNDLE_IDENTIFIER = com.kaplan.pance;
				PRODUCT_NAME = "$(TARGET_NAME)";
				PROVISIONING_PROFILE_SPECIFIER = "";
				"PROVISIONING_PROFILE_SPECIFIER[sdk=iphoneos*]" = PANCE_DISTRIBUTION;
				SWIFT_EMIT_LOC_STRINGS = YES;
				SWIFT_VERSION = 5.0;
				TARGETED_DEVICE_FAMILY = "1,2";
			};
			name = Debug;
		};
		A981D0F22CBCD6D000E2DCCD /* Release */ = {
			isa = XCBuildConfiguration;
			baseConfigurationReference = 737561CE1BE9AA7F3A26006F /* Pods-pance.release.xcconfig */;
			buildSettings = {
				ASSETCATALOG_COMPILER_APPICON_NAME = AppIcon;
				ASSETCATALOG_COMPILER_GLOBAL_ACCENT_COLOR_NAME = AccentColor;
				"CODE_SIGN_IDENTITY[sdk=iphoneos*]" = "iPhone Distribution";
				CODE_SIGN_STYLE = Manual;
				CURRENT_PROJECT_VERSION = 1;
				DEVELOPMENT_TEAM = "";
				"DEVELOPMENT_TEAM[sdk=iphoneos*]" = F4E4V7ZGJJ;
				GENERATE_INFOPLIST_FILE = YES;
				INFOPLIST_FILE = "ppi copy-Info.plist";
				INFOPLIST_KEY_UIApplicationSupportsIndirectInputEvents = YES;
				INFOPLIST_KEY_UILaunchStoryboardName = LaunchScreen;
				INFOPLIST_KEY_UIMainStoryboardFile = Main;
				INFOPLIST_KEY_UISupportedInterfaceOrientations_iPad = "UIInterfaceOrientationPortrait UIInterfaceOrientationPortraitUpsideDown UIInterfaceOrientationLandscapeLeft UIInterfaceOrientationLandscapeRight";
				INFOPLIST_KEY_UISupportedInterfaceOrientations_iPhone = "UIInterfaceOrientationPortrait UIInterfaceOrientationLandscapeLeft UIInterfaceOrientationLandscapeRight";
				LD_RUNPATH_SEARCH_PATHS = (
					"$(inherited)",
					"@executable_path/Frameworks",
				);
				MARKETING_VERSION = 1.0;
				PRODUCT_BUNDLE_IDENTIFIER = com.kaplan.pance;
				PRODUCT_NAME = "$(TARGET_NAME)";
				PROVISIONING_PROFILE_SPECIFIER = "";
				"PROVISIONING_PROFILE_SPECIFIER[sdk=iphoneos*]" = PANCE_DISTRIBUTION;
				SWIFT_EMIT_LOC_STRINGS = YES;
				SWIFT_VERSION = 5.0;
				TARGETED_DEVICE_FAMILY = "1,2";
			};
			name = Release;
		};
		A9E557C32CC66E3D00B34BDD /* Debug */ = {
			isa = XCBuildConfiguration;
			baseConfigurationReference = 164F7546325A7F329F681490 /* Pods-medical.debug.xcconfig */;
			buildSettings = {
				ASSETCATALOG_COMPILER_APPICON_NAME = AppIcon;
				ASSETCATALOG_COMPILER_GLOBAL_ACCENT_COLOR_NAME = AccentColor;
				"CODE_SIGN_IDENTITY[sdk=iphoneos*]" = "iPhone Distribution";
				CODE_SIGN_STYLE = Manual;
				CURRENT_PROJECT_VERSION = 1;
				DEVELOPMENT_TEAM = "";
				"DEVELOPMENT_TEAM[sdk=iphoneos*]" = F4E4V7ZGJJ;
				GENERATE_INFOPLIST_FILE = YES;
				INFOPLIST_FILE = "pance copy-Info.plist";
				INFOPLIST_KEY_UIApplicationSupportsIndirectInputEvents = YES;
				INFOPLIST_KEY_UILaunchStoryboardName = LaunchScreen;
				INFOPLIST_KEY_UIMainStoryboardFile = Main;
				INFOPLIST_KEY_UISupportedInterfaceOrientations_iPad = "UIInterfaceOrientationPortrait UIInterfaceOrientationPortraitUpsideDown UIInterfaceOrientationLandscapeLeft UIInterfaceOrientationLandscapeRight";
				INFOPLIST_KEY_UISupportedInterfaceOrientations_iPhone = "UIInterfaceOrientationPortrait UIInterfaceOrientationLandscapeLeft UIInterfaceOrientationLandscapeRight";
				LD_RUNPATH_SEARCH_PATHS = (
					"$(inherited)",
					"@executable_path/Frameworks",
				);
				MARKETING_VERSION = 1.0;
				PRODUCT_BUNDLE_IDENTIFIER = com.kaptest.medical;
				PRODUCT_NAME = "$(TARGET_NAME)";
				PROVISIONING_PROFILE_SPECIFIER = "";
				"PROVISIONING_PROFILE_SPECIFIER[sdk=iphoneos*]" = Medical_Prod;
				SWIFT_EMIT_LOC_STRINGS = YES;
				SWIFT_VERSION = 5.0;
				TARGETED_DEVICE_FAMILY = "1,2";
			};
			name = Debug;
		};
		A9E557C42CC66E3D00B34BDD /* Release */ = {
			isa = XCBuildConfiguration;
			baseConfigurationReference = 1596D15BB0D766F4561DC4C2 /* Pods-medical.release.xcconfig */;
			buildSettings = {
				ASSETCATALOG_COMPILER_APPICON_NAME = AppIcon;
				ASSETCATALOG_COMPILER_GLOBAL_ACCENT_COLOR_NAME = AccentColor;
				"CODE_SIGN_IDENTITY[sdk=iphoneos*]" = "iPhone Distribution";
				CODE_SIGN_STYLE = Manual;
				CURRENT_PROJECT_VERSION = 1;
				DEVELOPMENT_TEAM = "";
				"DEVELOPMENT_TEAM[sdk=iphoneos*]" = F4E4V7ZGJJ;
				GENERATE_INFOPLIST_FILE = YES;
				INFOPLIST_FILE = "pance copy-Info.plist";
				INFOPLIST_KEY_UIApplicationSupportsIndirectInputEvents = YES;
				INFOPLIST_KEY_UILaunchStoryboardName = LaunchScreen;
				INFOPLIST_KEY_UIMainStoryboardFile = Main;
				INFOPLIST_KEY_UISupportedInterfaceOrientations_iPad = "UIInterfaceOrientationPortrait UIInterfaceOrientationPortraitUpsideDown UIInterfaceOrientationLandscapeLeft UIInterfaceOrientationLandscapeRight";
				INFOPLIST_KEY_UISupportedInterfaceOrientations_iPhone = "UIInterfaceOrientationPortrait UIInterfaceOrientationLandscapeLeft UIInterfaceOrientationLandscapeRight";
				LD_RUNPATH_SEARCH_PATHS = (
					"$(inherited)",
					"@executable_path/Frameworks",
				);
				MARKETING_VERSION = 1.0;
				PRODUCT_BUNDLE_IDENTIFIER = com.kaptest.medical;
				PRODUCT_NAME = "$(TARGET_NAME)";
				PROVISIONING_PROFILE_SPECIFIER = "";
				"PROVISIONING_PROFILE_SPECIFIER[sdk=iphoneos*]" = Medical_Prod;
				SWIFT_EMIT_LOC_STRINGS = YES;
				SWIFT_VERSION = 5.0;
				TARGETED_DEVICE_FAMILY = "1,2";
			};
			name = Release;
		};
		A9E557D42CC66E8F00B34BDD /* Debug */ = {
			isa = XCBuildConfiguration;
			baseConfigurationReference = DB748823303FA7718DA7A165 /* Pods-nclex.debug.xcconfig */;
			buildSettings = {
				ASSETCATALOG_COMPILER_APPICON_NAME = AppIcon;
				ASSETCATALOG_COMPILER_GLOBAL_ACCENT_COLOR_NAME = AccentColor;
				"CODE_SIGN_IDENTITY[sdk=iphoneos*]" = "iPhone Distribution";
				CODE_SIGN_STYLE = Manual;
				CURRENT_PROJECT_VERSION = 1;
				DEVELOPMENT_TEAM = "";
				"DEVELOPMENT_TEAM[sdk=iphoneos*]" = F4E4V7ZGJJ;
				GENERATE_INFOPLIST_FILE = YES;
				INFOPLIST_FILE = "medical copy-Info.plist";
				INFOPLIST_KEY_UIApplicationSupportsIndirectInputEvents = YES;
				INFOPLIST_KEY_UILaunchStoryboardName = LaunchScreen;
				INFOPLIST_KEY_UIMainStoryboardFile = Main;
				INFOPLIST_KEY_UISupportedInterfaceOrientations_iPad = "UIInterfaceOrientationPortrait UIInterfaceOrientationPortraitUpsideDown UIInterfaceOrientationLandscapeLeft UIInterfaceOrientationLandscapeRight";
				INFOPLIST_KEY_UISupportedInterfaceOrientations_iPhone = "UIInterfaceOrientationPortrait UIInterfaceOrientationLandscapeLeft UIInterfaceOrientationLandscapeRight";
				LD_RUNPATH_SEARCH_PATHS = (
					"$(inherited)",
					"@executable_path/Frameworks",
				);
				MARKETING_VERSION = 1.0;
				PRODUCT_BUNDLE_IDENTIFIER = com.kaplan.nursing;
				PRODUCT_NAME = "$(TARGET_NAME)";
				PROVISIONING_PROFILE_SPECIFIER = "";
				"PROVISIONING_PROFILE_SPECIFIER[sdk=iphoneos*]" = Medical_Prod;
				SWIFT_EMIT_LOC_STRINGS = YES;
				SWIFT_VERSION = 5.0;
				TARGETED_DEVICE_FAMILY = "1,2";
			};
			name = Debug;
		};
		A9E557D52CC66E8F00B34BDD /* Release */ = {
			isa = XCBuildConfiguration;
			baseConfigurationReference = D5E141E04D28871025F75F95 /* Pods-nclex.release.xcconfig */;
			buildSettings = {
				ASSETCATALOG_COMPILER_APPICON_NAME = AppIcon;
				ASSETCATALOG_COMPILER_GLOBAL_ACCENT_COLOR_NAME = AccentColor;
				"CODE_SIGN_IDENTITY[sdk=iphoneos*]" = "iPhone Distribution";
				CODE_SIGN_STYLE = Manual;
				CURRENT_PROJECT_VERSION = 1;
				DEVELOPMENT_TEAM = "";
				"DEVELOPMENT_TEAM[sdk=iphoneos*]" = F4E4V7ZGJJ;
				GENERATE_INFOPLIST_FILE = YES;
				INFOPLIST_FILE = "medical copy-Info.plist";
				INFOPLIST_KEY_UIApplicationSupportsIndirectInputEvents = YES;
				INFOPLIST_KEY_UILaunchStoryboardName = LaunchScreen;
				INFOPLIST_KEY_UIMainStoryboardFile = Main;
				INFOPLIST_KEY_UISupportedInterfaceOrientations_iPad = "UIInterfaceOrientationPortrait UIInterfaceOrientationPortraitUpsideDown UIInterfaceOrientationLandscapeLeft UIInterfaceOrientationLandscapeRight";
				INFOPLIST_KEY_UISupportedInterfaceOrientations_iPhone = "UIInterfaceOrientationPortrait UIInterfaceOrientationLandscapeLeft UIInterfaceOrientationLandscapeRight";
				LD_RUNPATH_SEARCH_PATHS = (
					"$(inherited)",
					"@executable_path/Frameworks",
				);
				MARKETING_VERSION = 1.0;
				PRODUCT_BUNDLE_IDENTIFIER = com.kaplan.nursing;
				PRODUCT_NAME = "$(TARGET_NAME)";
				PROVISIONING_PROFILE_SPECIFIER = "";
				"PROVISIONING_PROFILE_SPECIFIER[sdk=iphoneos*]" = Medical_Prod;
				SWIFT_EMIT_LOC_STRINGS = YES;
				SWIFT_VERSION = 5.0;
				TARGETED_DEVICE_FAMILY = "1,2";
			};
			name = Release;
		};
		A9E557E52CC66EB900B34BDD /* Debug */ = {
			isa = XCBuildConfiguration;
			baseConfigurationReference = 464E32DBCE7F1E7D3B452F26 /* Pods-mcat.debug.xcconfig */;
			buildSettings = {
				ASSETCATALOG_COMPILER_APPICON_NAME = AppIcon;
				ASSETCATALOG_COMPILER_GLOBAL_ACCENT_COLOR_NAME = AccentColor;
				"CODE_SIGN_IDENTITY[sdk=iphoneos*]" = "iPhone Distribution";
				CODE_SIGN_STYLE = Manual;
				CURRENT_PROJECT_VERSION = 1;
				DEVELOPMENT_TEAM = "";
				"DEVELOPMENT_TEAM[sdk=iphoneos*]" = F4E4V7ZGJJ;
				GENERATE_INFOPLIST_FILE = YES;
				INFOPLIST_FILE = "nclex copy-Info.plist";
				INFOPLIST_KEY_UIApplicationSupportsIndirectInputEvents = YES;
				INFOPLIST_KEY_UILaunchStoryboardName = LaunchScreen;
				INFOPLIST_KEY_UIMainStoryboardFile = Main;
				INFOPLIST_KEY_UISupportedInterfaceOrientations_iPad = "UIInterfaceOrientationPortrait UIInterfaceOrientationPortraitUpsideDown UIInterfaceOrientationLandscapeLeft UIInterfaceOrientationLandscapeRight";
				INFOPLIST_KEY_UISupportedInterfaceOrientations_iPhone = "UIInterfaceOrientationPortrait UIInterfaceOrientationLandscapeLeft UIInterfaceOrientationLandscapeRight";
				LD_RUNPATH_SEARCH_PATHS = (
					"$(inherited)",
					"@executable_path/Frameworks",
				);
				MARKETING_VERSION = 1.0;
				PRODUCT_BUNDLE_IDENTIFIER = com.kaplan.mcat;
				PRODUCT_NAME = "$(TARGET_NAME)";
				PROVISIONING_PROFILE_SPECIFIER = "";
				"PROVISIONING_PROFILE_SPECIFIER[sdk=iphoneos*]" = MCAT_Production;
				SWIFT_EMIT_LOC_STRINGS = YES;
				SWIFT_VERSION = 5.0;
				TARGETED_DEVICE_FAMILY = "1,2";
			};
			name = Debug;
		};
		A9E557E62CC66EB900B34BDD /* Release */ = {
			isa = XCBuildConfiguration;
			baseConfigurationReference = 86BFCF47606EA4EA5D5E782F /* Pods-mcat.release.xcconfig */;
			buildSettings = {
				ASSETCATALOG_COMPILER_APPICON_NAME = AppIcon;
				ASSETCATALOG_COMPILER_GLOBAL_ACCENT_COLOR_NAME = AccentColor;
				"CODE_SIGN_IDENTITY[sdk=iphoneos*]" = "iPhone Distribution";
				CODE_SIGN_STYLE = Manual;
				CURRENT_PROJECT_VERSION = 1;
				DEVELOPMENT_TEAM = "";
				"DEVELOPMENT_TEAM[sdk=iphoneos*]" = F4E4V7ZGJJ;
				GENERATE_INFOPLIST_FILE = YES;
				INFOPLIST_FILE = "nclex copy-Info.plist";
				INFOPLIST_KEY_UIApplicationSupportsIndirectInputEvents = YES;
				INFOPLIST_KEY_UILaunchStoryboardName = LaunchScreen;
				INFOPLIST_KEY_UIMainStoryboardFile = Main;
				INFOPLIST_KEY_UISupportedInterfaceOrientations_iPad = "UIInterfaceOrientationPortrait UIInterfaceOrientationPortraitUpsideDown UIInterfaceOrientationLandscapeLeft UIInterfaceOrientationLandscapeRight";
				INFOPLIST_KEY_UISupportedInterfaceOrientations_iPhone = "UIInterfaceOrientationPortrait UIInterfaceOrientationLandscapeLeft UIInterfaceOrientationLandscapeRight";
				LD_RUNPATH_SEARCH_PATHS = (
					"$(inherited)",
					"@executable_path/Frameworks",
				);
				MARKETING_VERSION = 1.0;
				PRODUCT_BUNDLE_IDENTIFIER = com.kaplan.mcat;
				PRODUCT_NAME = "$(TARGET_NAME)";
				PROVISIONING_PROFILE_SPECIFIER = "";
				"PROVISIONING_PROFILE_SPECIFIER[sdk=iphoneos*]" = MCAT_Production;
				SWIFT_EMIT_LOC_STRINGS = YES;
				SWIFT_VERSION = 5.0;
				TARGETED_DEVICE_FAMILY = "1,2";
			};
			name = Release;
		};
/* End XCBuildConfiguration section */

/* Begin XCConfigurationList section */
		A981D0CA2CBCD68200E2DCCD /* Build configuration list for PBXProject "ktp.usurp.ios" */ = {
			isa = XCConfigurationList;
			buildConfigurations = (
				A981D0E12CBCD68500E2DCCD /* Debug */,
				A981D0E22CBCD68500E2DCCD /* Release */,
			);
			defaultConfigurationIsVisible = 0;
			defaultConfigurationName = Release;
		};
		A981D0E32CBCD68500E2DCCD /* Build configuration list for PBXNativeTarget "ppi" */ = {
			isa = XCConfigurationList;
			buildConfigurations = (
				A981D0E42CBCD68500E2DCCD /* Debug */,
				A981D0E52CBCD68500E2DCCD /* Release */,
			);
			defaultConfigurationIsVisible = 0;
			defaultConfigurationName = Release;
		};
		A981D0F02CBCD6D000E2DCCD /* Build configuration list for PBXNativeTarget "pance" */ = {
			isa = XCConfigurationList;
			buildConfigurations = (
				A981D0F12CBCD6D000E2DCCD /* Debug */,
				A981D0F22CBCD6D000E2DCCD /* Release */,
			);
			defaultConfigurationIsVisible = 0;
			defaultConfigurationName = Release;
		};
		A9E557C22CC66E3D00B34BDD /* Build configuration list for PBXNativeTarget "medical" */ = {
			isa = XCConfigurationList;
			buildConfigurations = (
				A9E557C32CC66E3D00B34BDD /* Debug */,
				A9E557C42CC66E3D00B34BDD /* Release */,
			);
			defaultConfigurationIsVisible = 0;
			defaultConfigurationName = Release;
		};
		A9E557D32CC66E8F00B34BDD /* Build configuration list for PBXNativeTarget "nclex" */ = {
			isa = XCConfigurationList;
			buildConfigurations = (
				A9E557D42CC66E8F00B34BDD /* Debug */,
				A9E557D52CC66E8F00B34BDD /* Release */,
			);
			defaultConfigurationIsVisible = 0;
			defaultConfigurationName = Release;
		};
		A9E557E42CC66EB900B34BDD /* Build configuration list for PBXNativeTarget "mcat" */ = {
			isa = XCConfigurationList;
			buildConfigurations = (
				A9E557E52CC66EB900B34BDD /* Debug */,
				A9E557E62CC66EB900B34BDD /* Release */,
			);
			defaultConfigurationIsVisible = 0;
			defaultConfigurationName = Release;
		};
/* End XCConfigurationList section */
	};
	rootObject = A981D0C72CBCD68200E2DCCD /* Project object */;
}
